
Microsoft Visual Studio Solution File, Format Version 12.00
# Visual Studio Version 16
VisualStudioVersion = 16.0.29728.190
MinimumVisualStudioVersion = 10.0.40219.1
Project("{9A19103F-16F7-4668-BE54-9A1E7A4F7556}") = "Infra", "Infra\Infra.csproj", "{E5EAC393-54DB-4801-A0EB-9DD3505FD729}"
EndProject
Project("{9A19103F-16F7-4668-BE54-9A1E7A4F7556}") = "Domain", "Domain\Domain.csproj", "{65BA5EF7-B1B3-4C9B-8470-6EA06EE7F869}"
EndProject
Project("{FAE04EC0-301F-11D3-BF4B-00C04F79EFBC}") = "Presentation", "Presentation\Presentation.csproj", "{93CAE086-C358-491C-8B15-E8C1B904FFC1}"
EndProject
Global
	GlobalSection(SolutionConfigurationPlatforms) = preSolution
		Debug|Any CPU = Debug|Any CPU
		Release|Any CPU = Release|Any CPU
	EndGlobalSection
	GlobalSection(ProjectConfigurationPlatforms) = postSolution
		{E5EAC393-54DB-4801-A0EB-9DD3505FD729}.Debug|Any CPU.ActiveCfg = Debug|Any CPU
		{E5EAC393-54DB-4801-A0EB-9DD3505FD729}.Debug|Any CPU.Build.0 = Debug|Any CPU
		{E5EAC393-54DB-4801-A0EB-9DD3505FD729}.Release|Any CPU.ActiveCfg = Release|Any CPU
		{E5EAC393-54DB-4801-A0EB-9DD3505FD729}.Release|Any CPU.Build.0 = Release|Any CPU
		{65BA5EF7-B1B3-4C9B-8470-6EA06EE7F869}.Debug|Any CPU.ActiveCfg = Debug|Any CPU
		{65BA5EF7-B1B3-4C9B-8470-6EA06EE7F869}.Debug|Any CPU.Build.0 = Debug|Any CPU
		{65BA5EF7-B1B3-4C9B-8470-6EA06EE7F869}.Release|Any CPU.ActiveCfg = Release|Any CPU
		{65BA5EF7-B1B3-4C9B-8470-6EA06EE7F869}.Release|Any CPU.Build.0 = Release|Any CPU
		{93CAE086-C358-491C-8B15-E8C1B904FFC1}.Debug|Any CPU.ActiveCfg = Debug|Any CPU
		{93CAE086-C358-491C-8B15-E8C1B904FFC1}.Debug|Any CPU.Build.0 = Debug|Any CPU
		{93CAE086-C358-491C-8B15-E8C1B904FFC1}.Release|Any CPU.ActiveCfg = Release|Any CPU
		{93CAE086-C358-491C-8B15-E8C1B904FFC1}.Release|Any CPU.Build.0 = Release|Any CPU
	EndGlobalSection
	GlobalSection(SolutionProperties) = preSolution
		HideSolutionNode = FALSE
	EndGlobalSection
	GlobalSection(ExtensibilityGlobals) = postSolution
		SolutionGuid = {C6431C0B-B54D-4B4A-B125-D77B5A5A419E}
	EndGlobalSection
EndGlobal
