
Microsoft Visual Studio Solution File, Format Version 12.00
# Visual Studio Version 16
VisualStudioVersion = 16.0.29728.190
MinimumVisualStudioVersion = 10.0.40219.1
Project("{FAE04EC0-301F-11D3-BF4B-00C04F79EFBC}") = "Presentation", "Presentation\Presentation.csproj", "{93CAE086-C358-491C-8B15-E8C1B904FFC1}"
EndProject
Project("{9A19103F-16F7-4668-BE54-9A1E7A4F7556}") = "UnitTests", "UnitTests\UnitTests.csproj", "{9A4E4E0D-71C1-4A98-87AD-2D6F0F1A95F6}"
EndProject
Project("{FAE04EC0-301F-11D3-BF4B-00C04F79EFBC}") = "Infra", "Infra\Infra.csproj", "{609D8F9F-5158-4227-9BAC-7C1034758D35}"
EndProject
Project("{FAE04EC0-301F-11D3-BF4B-00C04F79EFBC}") = "Domain", "Domain\Domain.csproj", "{4B5BC610-C715-46AB-9860-62E04AFB35AA}"
EndProject
Project("{FAE04EC0-301F-11D3-BF4B-00C04F79EFBC}") = "App", "App\App.csproj", "{43E15D96-EF54-4F93-93D6-1C65F408A16D}"
EndProject
Global
	GlobalSection(SolutionConfigurationPlatforms) = preSolution
		Debug|Any CPU = Debug|Any CPU
		Release|Any CPU = Release|Any CPU
	EndGlobalSection
	GlobalSection(ProjectConfigurationPlatforms) = postSolution
		{93CAE086-C358-491C-8B15-E8C1B904FFC1}.Debug|Any CPU.ActiveCfg = Debug|Any CPU
		{93CAE086-C358-491C-8B15-E8C1B904FFC1}.Debug|Any CPU.Build.0 = Debug|Any CPU
		{93CAE086-C358-491C-8B15-E8C1B904FFC1}.Release|Any CPU.ActiveCfg = Release|Any CPU
		{93CAE086-C358-491C-8B15-E8C1B904FFC1}.Release|Any CPU.Build.0 = Release|Any CPU
		{9A4E4E0D-71C1-4A98-87AD-2D6F0F1A95F6}.Debug|Any CPU.ActiveCfg = Debug|Any CPU
		{9A4E4E0D-71C1-4A98-87AD-2D6F0F1A95F6}.Debug|Any CPU.Build.0 = Debug|Any CPU
		{9A4E4E0D-71C1-4A98-87AD-2D6F0F1A95F6}.Release|Any CPU.ActiveCfg = Release|Any CPU
		{9A4E4E0D-71C1-4A98-87AD-2D6F0F1A95F6}.Release|Any CPU.Build.0 = Release|Any CPU
		{609D8F9F-5158-4227-9BAC-7C1034758D35}.Debug|Any CPU.ActiveCfg = Debug|Any CPU
		{609D8F9F-5158-4227-9BAC-7C1034758D35}.Debug|Any CPU.Build.0 = Debug|Any CPU
		{609D8F9F-5158-4227-9BAC-7C1034758D35}.Release|Any CPU.ActiveCfg = Release|Any CPU
		{609D8F9F-5158-4227-9BAC-7C1034758D35}.Release|Any CPU.Build.0 = Release|Any CPU
		{4B5BC610-C715-46AB-9860-62E04AFB35AA}.Debug|Any CPU.ActiveCfg = Debug|Any CPU
		{4B5BC610-C715-46AB-9860-62E04AFB35AA}.Debug|Any CPU.Build.0 = Debug|Any CPU
		{4B5BC610-C715-46AB-9860-62E04AFB35AA}.Release|Any CPU.ActiveCfg = Release|Any CPU
		{4B5BC610-C715-46AB-9860-62E04AFB35AA}.Release|Any CPU.Build.0 = Release|Any CPU
		{43E15D96-EF54-4F93-93D6-1C65F408A16D}.Debug|Any CPU.ActiveCfg = Debug|Any CPU
		{43E15D96-EF54-4F93-93D6-1C65F408A16D}.Debug|Any CPU.Build.0 = Debug|Any CPU
		{43E15D96-EF54-4F93-93D6-1C65F408A16D}.Release|Any CPU.ActiveCfg = Release|Any CPU
		{43E15D96-EF54-4F93-93D6-1C65F408A16D}.Release|Any CPU.Build.0 = Release|Any CPU
	EndGlobalSection
	GlobalSection(SolutionProperties) = preSolution
		HideSolutionNode = FALSE
	EndGlobalSection
	GlobalSection(ExtensibilityGlobals) = postSolution
		SolutionGuid = {C6431C0B-B54D-4B4A-B125-D77B5A5A419E}
	EndGlobalSection
EndGlobal
